
Microsoft Visual Studio Solution File, Format Version 12.00
# Visual Studio 15
VisualStudioVersion = 15.0.27703.2042
MinimumVisualStudioVersion = 10.0.40219.1
Project("{9A19103F-16F7-4668-BE54-9A1E7A4F7556}") = "HobbyGen", "HobbyGen\HobbyGen.csproj", "{58CD42E4-AD88-4A12-A072-1621DE38EE3C}"
EndProject
Project("{FAE04EC0-301F-11D3-BF4B-00C04F79EFBC}") = "HobbyGenCoreTest", "HobbyGenCoreTest\HobbyGenCoreTest.csproj", "{C04A3338-D83E-445F-A247-F65D4CEA5D0E}"
EndProject
Global
	GlobalSection(SolutionConfigurationPlatforms) = preSolution
		Debug|Any CPU = Debug|Any CPU
		Release|Any CPU = Release|Any CPU
	EndGlobalSection
	GlobalSection(ProjectConfigurationPlatforms) = postSolution
		{58CD42E4-AD88-4A12-A072-1621DE38EE3C}.Debug|Any CPU.ActiveCfg = Debug|Any CPU
		{58CD42E4-AD88-4A12-A072-1621DE38EE3C}.Debug|Any CPU.Build.0 = Debug|Any CPU
		{58CD42E4-AD88-4A12-A072-1621DE38EE3C}.Release|Any CPU.ActiveCfg = Release|Any CPU
		{58CD42E4-AD88-4A12-A072-1621DE38EE3C}.Release|Any CPU.Build.0 = Release|Any CPU
		{C04A3338-D83E-445F-A247-F65D4CEA5D0E}.Debug|Any CPU.ActiveCfg = Debug|Any CPU
		{C04A3338-D83E-445F-A247-F65D4CEA5D0E}.Debug|Any CPU.Build.0 = Debug|Any CPU
		{C04A3338-D83E-445F-A247-F65D4CEA5D0E}.Release|Any CPU.ActiveCfg = Release|Any CPU
		{C04A3338-D83E-445F-A247-F65D4CEA5D0E}.Release|Any CPU.Build.0 = Release|Any CPU
	EndGlobalSection
	GlobalSection(SolutionProperties) = preSolution
		HideSolutionNode = FALSE
	EndGlobalSection
	GlobalSection(ExtensibilityGlobals) = postSolution
		SolutionGuid = {A3A8806B-AA96-4F87-869F-7221C8B065AD}
	EndGlobalSection
EndGlobal
